// !$*UTF8*$!
{
	archiveVersion = 1;
	classes = {
	};
	objectVersion = 46;
	objects = {

/* Begin PBXBuildFile section */
		B59218521B3BDA0D000BAF0B /* main.m in Sources */ = {isa = PBXBuildFile; fileRef = B59218511B3BDA0D000BAF0B /* main.m */; };
		B59218551B3BDA0D000BAF0B /* AppDelegate.m in Sources */ = {isa = PBXBuildFile; fileRef = B59218541B3BDA0D000BAF0B /* AppDelegate.m */; };
		B59218581B3BDA0D000BAF0B /* ViewController.m in Sources */ = {isa = PBXBuildFile; fileRef = B59218571B3BDA0D000BAF0B /* ViewController.m */; };
		B592185D1B3BDA0D000BAF0B /* Images.xcassets in Resources */ = {isa = PBXBuildFile; fileRef = B592185C1B3BDA0D000BAF0B /* Images.xcassets */; };
		B59218601B3BDA0D000BAF0B /* LaunchScreen.xib in Resources */ = {isa = PBXBuildFile; fileRef = B592185E1B3BDA0D000BAF0B /* LaunchScreen.xib */; };
		B59218781B3BE0FA000BAF0B /* EasyUIView.m in Sources */ = {isa = PBXBuildFile; fileRef = B59218771B3BE0FA000BAF0B /* EasyUIView.m */; };
		B592187B1B3C1320000BAF0B /* testView.m in Sources */ = {isa = PBXBuildFile; fileRef = B592187A1B3C1320000BAF0B /* testView.m */; };
		B592187D1B3C132F000BAF0B /* testView.xib in Resources */ = {isa = PBXBuildFile; fileRef = B592187C1B3C132F000BAF0B /* testView.xib */; };
		B592187F1B3C159A000BAF0B /* ViewController.xib in Resources */ = {isa = PBXBuildFile; fileRef = B592187E1B3C159A000BAF0B /* ViewController.xib */; };
		B59218831B3CF0C5000BAF0B /* EasyUIButton.m in Sources */ = {isa = PBXBuildFile; fileRef = B59218821B3CF0C5000BAF0B /* EasyUIButton.m */; };
		B59218861B3CFBBB000BAF0B /* EasyLabel.m in Sources */ = {isa = PBXBuildFile; fileRef = B59218851B3CFBBB000BAF0B /* EasyLabel.m */; };
		B59218891B3D50B7000BAF0B /* EasyTextField.m in Sources */ = {isa = PBXBuildFile; fileRef = B59218881B3D50B7000BAF0B /* EasyTextField.m */; };
		B592188C1B3D5135000BAF0B /* EasyTextView.m in Sources */ = {isa = PBXBuildFile; fileRef = B592188B1B3D5135000BAF0B /* EasyTextView.m */; };
		B59218901B3D5181000BAF0B /* PlaceholderTextView.m in Sources */ = {isa = PBXBuildFile; fileRef = B592188F1B3D5181000BAF0B /* PlaceholderTextView.m */; };
/* End PBXBuildFile section */

/* Begin PBXFileReference section */
		B592184C1B3BDA0D000BAF0B /* EasyUIControl.app */ = {isa = PBXFileReference; explicitFileType = wrapper.application; includeInIndex = 0; path = EasyUIControl.app; sourceTree = BUILT_PRODUCTS_DIR; };
		B59218501B3BDA0D000BAF0B /* Info.plist */ = {isa = PBXFileReference; lastKnownFileType = text.plist.xml; path = Info.plist; sourceTree = "<group>"; };
		B59218511B3BDA0D000BAF0B /* main.m */ = {isa = PBXFileReference; lastKnownFileType = sourcecode.c.objc; path = main.m; sourceTree = "<group>"; };
		B59218531B3BDA0D000BAF0B /* AppDelegate.h */ = {isa = PBXFileReference; lastKnownFileType = sourcecode.c.h; path = AppDelegate.h; sourceTree = "<group>"; };
		B59218541B3BDA0D000BAF0B /* AppDelegate.m */ = {isa = PBXFileReference; lastKnownFileType = sourcecode.c.objc; path = AppDelegate.m; sourceTree = "<group>"; };
		B59218561B3BDA0D000BAF0B /* ViewController.h */ = {isa = PBXFileReference; lastKnownFileType = sourcecode.c.h; path = ViewController.h; sourceTree = "<group>"; };
		B59218571B3BDA0D000BAF0B /* ViewController.m */ = {isa = PBXFileReference; lastKnownFileType = sourcecode.c.objc; path = ViewController.m; sourceTree = "<group>"; };
		B592185C1B3BDA0D000BAF0B /* Images.xcassets */ = {isa = PBXFileReference; lastKnownFileType = folder.assetcatalog; path = Images.xcassets; sourceTree = "<group>"; };
		B592185F1B3BDA0D000BAF0B /* Base */ = {isa = PBXFileReference; lastKnownFileType = file.xib; name = Base; path = Base.lproj/LaunchScreen.xib; sourceTree = "<group>"; };
		B59218761B3BE0FA000BAF0B /* EasyUIView.h */ = {isa = PBXFileReference; fileEncoding = 4; lastKnownFileType = sourcecode.c.h; path = EasyUIView.h; sourceTree = "<group>"; };
		B59218771B3BE0FA000BAF0B /* EasyUIView.m */ = {isa = PBXFileReference; fileEncoding = 4; lastKnownFileType = sourcecode.c.objc; path = EasyUIView.m; sourceTree = "<group>"; };
		B59218791B3C1320000BAF0B /* testView.h */ = {isa = PBXFileReference; fileEncoding = 4; lastKnownFileType = sourcecode.c.h; path = testView.h; sourceTree = "<group>"; };
		B592187A1B3C1320000BAF0B /* testView.m */ = {isa = PBXFileReference; fileEncoding = 4; lastKnownFileType = sourcecode.c.objc; path = testView.m; sourceTree = "<group>"; };
		B592187C1B3C132F000BAF0B /* testView.xib */ = {isa = PBXFileReference; fileEncoding = 4; lastKnownFileType = file.xib; path = testView.xib; sourceTree = "<group>"; };
		B592187E1B3C159A000BAF0B /* ViewController.xib */ = {isa = PBXFileReference; fileEncoding = 4; lastKnownFileType = file.xib; path = ViewController.xib; sourceTree = "<group>"; };
		B59218801B3CEC42000BAF0B /* EasyUIControl.h */ = {isa = PBXFileReference; lastKnownFileType = sourcecode.c.h; path = EasyUIControl.h; sourceTree = "<group>"; };
		B59218811B3CF0C5000BAF0B /* EasyUIButton.h */ = {isa = PBXFileReference; fileEncoding = 4; lastKnownFileType = sourcecode.c.h; path = EasyUIButton.h; sourceTree = "<group>"; };
		B59218821B3CF0C5000BAF0B /* EasyUIButton.m */ = {isa = PBXFileReference; fileEncoding = 4; lastKnownFileType = sourcecode.c.objc; path = EasyUIButton.m; sourceTree = "<group>"; };
		B59218841B3CFBBB000BAF0B /* EasyLabel.h */ = {isa = PBXFileReference; fileEncoding = 4; lastKnownFileType = sourcecode.c.h; path = EasyLabel.h; sourceTree = "<group>"; };
		B59218851B3CFBBB000BAF0B /* EasyLabel.m */ = {isa = PBXFileReference; fileEncoding = 4; lastKnownFileType = sourcecode.c.objc; path = EasyLabel.m; sourceTree = "<group>"; };
		B59218871B3D50B7000BAF0B /* EasyTextField.h */ = {isa = PBXFileReference; fileEncoding = 4; lastKnownFileType = sourcecode.c.h; path = EasyTextField.h; sourceTree = "<group>"; };
		B59218881B3D50B7000BAF0B /* EasyTextField.m */ = {isa = PBXFileReference; fileEncoding = 4; lastKnownFileType = sourcecode.c.objc; path = EasyTextField.m; sourceTree = "<group>"; };
		B592188A1B3D5135000BAF0B /* EasyTextView.h */ = {isa = PBXFileReference; fileEncoding = 4; lastKnownFileType = sourcecode.c.h; path = EasyTextView.h; sourceTree = "<group>"; };
		B592188B1B3D5135000BAF0B /* EasyTextView.m */ = {isa = PBXFileReference; fileEncoding = 4; lastKnownFileType = sourcecode.c.objc; path = EasyTextView.m; sourceTree = "<group>"; };
		B592188E1B3D5181000BAF0B /* PlaceholderTextView.h */ = {isa = PBXFileReference; fileEncoding = 4; lastKnownFileType = sourcecode.c.h; path = PlaceholderTextView.h; sourceTree = "<group>"; };
		B592188F1B3D5181000BAF0B /* PlaceholderTextView.m */ = {isa = PBXFileReference; fileEncoding = 4; lastKnownFileType = sourcecode.c.objc; path = PlaceholderTextView.m; sourceTree = "<group>"; };
/* End PBXFileReference section */

/* Begin PBXFrameworksBuildPhase section */
		B59218491B3BDA0D000BAF0B /* Frameworks */ = {
			isa = PBXFrameworksBuildPhase;
			buildActionMask = 2147483647;
			files = (
			);
			runOnlyForDeploymentPostprocessing = 0;
		};
/* End PBXFrameworksBuildPhase section */

/* Begin PBXGroup section */
		B59218431B3BDA0D000BAF0B = {
			isa = PBXGroup;
			children = (
				B592184E1B3BDA0D000BAF0B /* EasyUIControl */,
				B592184D1B3BDA0D000BAF0B /* Products */,
			);
			sourceTree = "<group>";
		};
		B592184D1B3BDA0D000BAF0B /* Products */ = {
			isa = PBXGroup;
			children = (
				B592184C1B3BDA0D000BAF0B /* EasyUIControl.app */,
			);
			name = Products;
			sourceTree = "<group>";
		};
		B592184E1B3BDA0D000BAF0B /* EasyUIControl */ = {
			isa = PBXGroup;
			children = (
				B59218751B3BDF4A000BAF0B /* EasyUIControl */,
				B59218531B3BDA0D000BAF0B /* AppDelegate.h */,
				B59218541B3BDA0D000BAF0B /* AppDelegate.m */,
				B59218561B3BDA0D000BAF0B /* ViewController.h */,
				B59218571B3BDA0D000BAF0B /* ViewController.m */,
				B592187E1B3C159A000BAF0B /* ViewController.xib */,
				B59218791B3C1320000BAF0B /* testView.h */,
				B592187A1B3C1320000BAF0B /* testView.m */,
				B592187C1B3C132F000BAF0B /* testView.xib */,
				B592185C1B3BDA0D000BAF0B /* Images.xcassets */,
				B592185E1B3BDA0D000BAF0B /* LaunchScreen.xib */,
				B592184F1B3BDA0D000BAF0B /* Supporting Files */,
			);
			path = EasyUIControl;
			sourceTree = "<group>";
		};
		B592184F1B3BDA0D000BAF0B /* Supporting Files */ = {
			isa = PBXGroup;
			children = (
				B59218501B3BDA0D000BAF0B /* Info.plist */,
				B59218511B3BDA0D000BAF0B /* main.m */,
			);
			name = "Supporting Files";
			sourceTree = "<group>";
		};
		B59218751B3BDF4A000BAF0B /* EasyUIControl */ = {
			isa = PBXGroup;
			children = (
				B59218761B3BE0FA000BAF0B /* EasyUIView.h */,
				B59218771B3BE0FA000BAF0B /* EasyUIView.m */,
				B59218801B3CEC42000BAF0B /* EasyUIControl.h */,
				B59218811B3CF0C5000BAF0B /* EasyUIButton.h */,
				B59218821B3CF0C5000BAF0B /* EasyUIButton.m */,
				B59218841B3CFBBB000BAF0B /* EasyLabel.h */,
				B59218851B3CFBBB000BAF0B /* EasyLabel.m */,
				B59218871B3D50B7000BAF0B /* EasyTextField.h */,
				B59218881B3D50B7000BAF0B /* EasyTextField.m */,
				B592188A1B3D5135000BAF0B /* EasyTextView.h */,
				B592188B1B3D5135000BAF0B /* EasyTextView.m */,
				B592188D1B3D5181000BAF0B /* PlaceholderTextView */,
			);
			path = EasyUIControl;
			sourceTree = "<group>";
		};
		B592188D1B3D5181000BAF0B /* PlaceholderTextView */ = {
			isa = PBXGroup;
			children = (
				B592188E1B3D5181000BAF0B /* PlaceholderTextView.h */,
				B592188F1B3D5181000BAF0B /* PlaceholderTextView.m */,
			);
			path = PlaceholderTextView;
			sourceTree = "<group>";
		};
/* End PBXGroup section */

/* Begin PBXNativeTarget section */
		B592184B1B3BDA0D000BAF0B /* EasyUIControl */ = {
			isa = PBXNativeTarget;
			buildConfigurationList = B592186F1B3BDA0D000BAF0B /* Build configuration list for PBXNativeTarget "EasyUIControl" */;
			buildPhases = (
				B59218481B3BDA0D000BAF0B /* Sources */,
				B59218491B3BDA0D000BAF0B /* Frameworks */,
				B592184A1B3BDA0D000BAF0B /* Resources */,
			);
			buildRules = (
			);
			dependencies = (
			);
			name = EasyUIControl;
			productName = EasyUIControl;
			productReference = B592184C1B3BDA0D000BAF0B /* EasyUIControl.app */;
			productType = "com.apple.product-type.application";
		};
/* End PBXNativeTarget section */

/* Begin PBXProject section */
		B59218441B3BDA0D000BAF0B /* Project object */ = {
			isa = PBXProject;
			attributes = {
				LastUpgradeCheck = 0630;
				ORGANIZATIONNAME = "孙昕";
				TargetAttributes = {
					B592184B1B3BDA0D000BAF0B = {
						CreatedOnToolsVersion = 6.3;
					};
				};
			};
			buildConfigurationList = B59218471B3BDA0D000BAF0B /* Build configuration list for PBXProject "EasyUIControl" */;
			compatibilityVersion = "Xcode 3.2";
			developmentRegion = English;
			hasScannedForEncodings = 0;
			knownRegions = (
				en,
				Base,
			);
			mainGroup = B59218431B3BDA0D000BAF0B;
			productRefGroup = B592184D1B3BDA0D000BAF0B /* Products */;
			projectDirPath = "";
			projectRoot = "";
			targets = (
				B592184B1B3BDA0D000BAF0B /* EasyUIControl */,
			);
		};
/* End PBXProject section */

/* Begin PBXResourcesBuildPhase section */
		B592184A1B3BDA0D000BAF0B /* Resources */ = {
			isa = PBXResourcesBuildPhase;
			buildActionMask = 2147483647;
			files = (
				B592187D1B3C132F000BAF0B /* testView.xib in Resources */,
				B59218601B3BDA0D000BAF0B /* LaunchScreen.xib in Resources */,
				B592187F1B3C159A000BAF0B /* ViewController.xib in Resources */,
				B592185D1B3BDA0D000BAF0B /* Images.xcassets in Resources */,
			);
			runOnlyForDeploymentPostprocessing = 0;
		};
/* End PBXResourcesBuildPhase section */

/* Begin PBXSourcesBuildPhase section */
		B59218481B3BDA0D000BAF0B /* Sources */ = {
			isa = PBXSourcesBuildPhase;
			buildActionMask = 2147483647;
			files = (
				B59218861B3CFBBB000BAF0B /* EasyLabel.m in Sources */,
				B59218581B3BDA0D000BAF0B /* ViewController.m in Sources */,
				B59218831B3CF0C5000BAF0B /* EasyUIButton.m in Sources */,
				B59218551B3BDA0D000BAF0B /* AppDelegate.m in Sources */,
				B59218781B3BE0FA000BAF0B /* EasyUIView.m in Sources */,
				B59218891B3D50B7000BAF0B /* EasyTextField.m in Sources */,
				B592187B1B3C1320000BAF0B /* testView.m in Sources */,
				B59218901B3D5181000BAF0B /* PlaceholderTextView.m in Sources */,
				B592188C1B3D5135000BAF0B /* EasyTextView.m in Sources */,
				B59218521B3BDA0D000BAF0B /* main.m in Sources */,
			);
			runOnlyForDeploymentPostprocessing = 0;
		};
/* End PBXSourcesBuildPhase section */

/* Begin PBXVariantGroup section */
		B592185E1B3BDA0D000BAF0B /* LaunchScreen.xib */ = {
			isa = PBXVariantGroup;
			children = (
				B592185F1B3BDA0D000BAF0B /* Base */,
			);
			name = LaunchScreen.xib;
			sourceTree = "<group>";
		};
/* End PBXVariantGroup section */

/* Begin XCBuildConfiguration section */
		B592186D1B3BDA0D000BAF0B /* Debug */ = {
			isa = XCBuildConfiguration;
			buildSettings = {
				ALWAYS_SEARCH_USER_PATHS = NO;
				CLANG_CXX_LANGUAGE_STANDARD = "gnu++0x";
				CLANG_CXX_LIBRARY = "libc++";
				CLANG_ENABLE_MODULES = YES;
				CLANG_ENABLE_OBJC_ARC = YES;
				CLANG_WARN_BOOL_CONVERSION = YES;
				CLANG_WARN_CONSTANT_CONVERSION = YES;
				CLANG_WARN_DIRECT_OBJC_ISA_USAGE = YES_ERROR;
				CLANG_WARN_EMPTY_BODY = YES;
				CLANG_WARN_ENUM_CONVERSION = YES;
				CLANG_WARN_INT_CONVERSION = YES;
				CLANG_WARN_OBJC_ROOT_CLASS = YES_ERROR;
				CLANG_WARN_UNREACHABLE_CODE = YES;
				CLANG_WARN__DUPLICATE_METHOD_MATCH = YES;
				"CODE_SIGN_IDENTITY[sdk=iphoneos*]" = "iPhone Developer";
				COPY_PHASE_STRIP = NO;
				DEBUG_INFORMATION_FORMAT = "dwarf-with-dsym";
				ENABLE_STRICT_OBJC_MSGSEND = YES;
				GCC_C_LANGUAGE_STANDARD = gnu99;
				GCC_DYNAMIC_NO_PIC = NO;
				GCC_NO_COMMON_BLOCKS = YES;
				GCC_OPTIMIZATION_LEVEL = 0;
				GCC_PREPROCESSOR_DEFINITIONS = (
					"DEBUG=1",
					"$(inherited)",
				);
				GCC_SYMBOLS_PRIVATE_EXTERN = NO;
				GCC_WARN_64_TO_32_BIT_CONVERSION = YES;
				GCC_WARN_ABOUT_RETURN_TYPE = YES_ERROR;
				GCC_WARN_UNDECLARED_SELECTOR = YES;
				GCC_WARN_UNINITIALIZED_AUTOS = YES_AGGRESSIVE;
				GCC_WARN_UNUSED_FUNCTION = YES;
				GCC_WARN_UNUSED_VARIABLE = YES;
				IPHONEOS_DEPLOYMENT_TARGET = 7.1;
				MTL_ENABLE_DEBUG_INFO = YES;
				ONLY_ACTIVE_ARCH = YES;
				SDKROOT = iphoneos;
			};
			name = Debug;
		};
		B592186E1B3BDA0D000BAF0B /* Release */ = {
			isa = XCBuildConfiguration;
			buildSettings = {
				ALWAYS_SEARCH_USER_PATHS = NO;
				CLANG_CXX_LANGUAGE_STANDARD = "gnu++0x";
				CLANG_CXX_LIBRARY = "libc++";
				CLANG_ENABLE_MODULES = YES;
				CLANG_ENABLE_OBJC_ARC = YES;
				CLANG_WARN_BOOL_CONVERSION = YES;
				CLANG_WARN_CONSTANT_CONVERSION = YES;
				CLANG_WARN_DIRECT_OBJC_ISA_USAGE = YES_ERROR;
				CLANG_WARN_EMPTY_BODY = YES;
				CLANG_WARN_ENUM_CONVERSION = YES;
				CLANG_WARN_INT_CONVERSION = YES;
				CLANG_WARN_OBJC_ROOT_CLASS = YES_ERROR;
				CLANG_WARN_UNREACHABLE_CODE = YES;
				CLANG_WARN__DUPLICATE_METHOD_MATCH = YES;
				"CODE_SIGN_IDENTITY[sdk=iphoneos*]" = "iPhone Developer";
				COPY_PHASE_STRIP = NO;
				DEBUG_INFORMATION_FORMAT = "dwarf-with-dsym";
				ENABLE_NS_ASSERTIONS = NO;
				ENABLE_STRICT_OBJC_MSGSEND = YES;
				GCC_C_LANGUAGE_STANDARD = gnu99;
				GCC_NO_COMMON_BLOCKS = YES;
				GCC_WARN_64_TO_32_BIT_CONVERSION = YES;
				GCC_WARN_ABOUT_RETURN_TYPE = YES_ERROR;
				GCC_WARN_UNDECLARED_SELECTOR = YES;
				GCC_WARN_UNINITIALIZED_AUTOS = YES_AGGRESSIVE;
				GCC_WARN_UNUSED_FUNCTION = YES;
				GCC_WARN_UNUSED_VARIABLE = YES;
				IPHONEOS_DEPLOYMENT_TARGET = 7.1;
				MTL_ENABLE_DEBUG_INFO = NO;
				SDKROOT = iphoneos;
				VALIDATE_PRODUCT = YES;
			};
			name = Release;
		};
		B59218701B3BDA0D000BAF0B /* Debug */ = {
			isa = XCBuildConfiguration;
			buildSettings = {
				ASSETCATALOG_COMPILER_APPICON_NAME = AppIcon;
				INFOPLIST_FILE = EasyUIControl/Info.plist;
				LD_RUNPATH_SEARCH_PATHS = "$(inherited) @executable_path/Frameworks";
				PRODUCT_NAME = "$(TARGET_NAME)";
			};
			name = Debug;
		};
		B59218711B3BDA0D000BAF0B /* Release */ = {
			isa = XCBuildConfiguration;
			buildSettings = {
				ASSETCATALOG_COMPILER_APPICON_NAME = AppIcon;
				INFOPLIST_FILE = EasyUIControl/Info.plist;
				LD_RUNPATH_SEARCH_PATHS = "$(inherited) @executable_path/Frameworks";
				PRODUCT_NAME = "$(TARGET_NAME)";
			};
			name = Release;
		};
/* End XCBuildConfiguration section */

/* Begin XCConfigurationList section */
		B59218471B3BDA0D000BAF0B /* Build configuration list for PBXProject "EasyUIControl" */ = {
			isa = XCConfigurationList;
			buildConfigurations = (
				B592186D1B3BDA0D000BAF0B /* Debug */,
				B592186E1B3BDA0D000BAF0B /* Release */,
			);
			defaultConfigurationIsVisible = 0;
			defaultConfigurationName = Release;
		};
		B592186F1B3BDA0D000BAF0B /* Build configuration list for PBXNativeTarget "EasyUIControl" */ = {
			isa = XCConfigurationList;
			buildConfigurations = (
				B59218701B3BDA0D000BAF0B /* Debug */,
				B59218711B3BDA0D000BAF0B /* Release */,
			);
			defaultConfigurationIsVisible = 0;
		};
/* End XCConfigurationList section */
	};
	rootObject = B59218441B3BDA0D000BAF0B /* Project object */;
}
